// !$*UTF8*$!
{
	archiveVersion = 1;
	classes = {
	};
	objectVersion = 56;
	objects = {

/* Begin PBXBuildFile section */
		36EA6F13295C7A2B000B1BAC /* TCA_TestApp.swift in Sources */ = {isa = PBXBuildFile; fileRef = 36EA6F12295C7A2B000B1BAC /* TCA_TestApp.swift */; };
		36EA6F17295C7A2C000B1BAC /* Assets.xcassets in Resources */ = {isa = PBXBuildFile; fileRef = 36EA6F16295C7A2C000B1BAC /* Assets.xcassets */; };
		36EA6F1A295C7A2C000B1BAC /* Preview Assets.xcassets in Resources */ = {isa = PBXBuildFile; fileRef = 36EA6F19295C7A2C000B1BAC /* Preview Assets.xcassets */; };
		36EA6F22295C7A73000B1BAC /* ComposableArchitecture in Frameworks */ = {isa = PBXBuildFile; productRef = 36EA6F21295C7A73000B1BAC /* ComposableArchitecture */; };
		36EA6F24295C7A73000B1BAC /* Dependencies in Frameworks */ = {isa = PBXBuildFile; productRef = 36EA6F23295C7A73000B1BAC /* Dependencies */; };
		36EA6F2F295C7BC0000B1BAC /* MainTCA.swift in Sources */ = {isa = PBXBuildFile; fileRef = 36EA6F2A295C7BC0000B1BAC /* MainTCA.swift */; };
		36EA6F37295C7C01000B1BAC /* MainView.swift in Sources */ = {isa = PBXBuildFile; fileRef = 36EA6F36295C7C01000B1BAC /* MainView.swift */; };
/* End PBXBuildFile section */

/* Begin PBXFileReference section */
		36EA6F0F295C7A2B000B1BAC /* TCA_Test.app */ = {isa = PBXFileReference; explicitFileType = wrapper.application; includeInIndex = 0; path = TCA_Test.app; sourceTree = BUILT_PRODUCTS_DIR; };
		36EA6F12295C7A2B000B1BAC /* TCA_TestApp.swift */ = {isa = PBXFileReference; lastKnownFileType = sourcecode.swift; path = TCA_TestApp.swift; sourceTree = "<group>"; };
		36EA6F16295C7A2C000B1BAC /* Assets.xcassets */ = {isa = PBXFileReference; lastKnownFileType = folder.assetcatalog; path = Assets.xcassets; sourceTree = "<group>"; };
		36EA6F19295C7A2C000B1BAC /* Preview Assets.xcassets */ = {isa = PBXFileReference; lastKnownFileType = folder.assetcatalog; path = "Preview Assets.xcassets"; sourceTree = "<group>"; };
		36EA6F2A295C7BC0000B1BAC /* MainTCA.swift */ = {isa = PBXFileReference; fileEncoding = 4; lastKnownFileType = sourcecode.swift; path = MainTCA.swift; sourceTree = "<group>"; };
		36EA6F36295C7C01000B1BAC /* MainView.swift */ = {isa = PBXFileReference; lastKnownFileType = sourcecode.swift; path = MainView.swift; sourceTree = "<group>"; };
/* End PBXFileReference section */

/* Begin PBXFrameworksBuildPhase section */
		36EA6F0C295C7A2B000B1BAC /* Frameworks */ = {
			isa = PBXFrameworksBuildPhase;
			buildActionMask = 2147483647;
			files = (
				36EA6F22295C7A73000B1BAC /* ComposableArchitecture in Frameworks */,
				36EA6F24295C7A73000B1BAC /* Dependencies in Frameworks */,
			);
			runOnlyForDeploymentPostprocessing = 0;
		};
/* End PBXFrameworksBuildPhase section */

/* Begin PBXGroup section */
		36EA6F06295C7A2B000B1BAC = {
			isa = PBXGroup;
			children = (
				36EA6F11295C7A2B000B1BAC /* TCA_Test */,
				36EA6F10295C7A2B000B1BAC /* Products */,
			);
			sourceTree = "<group>";
		};
		36EA6F10295C7A2B000B1BAC /* Products */ = {
			isa = PBXGroup;
			children = (
				36EA6F0F295C7A2B000B1BAC /* TCA_Test.app */,
			);
			name = Products;
			sourceTree = "<group>";
		};
		36EA6F11295C7A2B000B1BAC /* TCA_Test */ = {
			isa = PBXGroup;
			children = (
				36EA6F12295C7A2B000B1BAC /* TCA_TestApp.swift */,
				36EA6F25295C7A9A000B1BAC /* MainScreen */,
				36EA6F16295C7A2C000B1BAC /* Assets.xcassets */,
				36EA6F18295C7A2C000B1BAC /* Preview Content */,
			);
			path = TCA_Test;
			sourceTree = "<group>";
		};
		36EA6F18295C7A2C000B1BAC /* Preview Content */ = {
			isa = PBXGroup;
			children = (
				36EA6F19295C7A2C000B1BAC /* Preview Assets.xcassets */,
			);
			path = "Preview Content";
			sourceTree = "<group>";
		};
		36EA6F25295C7A9A000B1BAC /* MainScreen */ = {
			isa = PBXGroup;
			children = (
				36EA6F2A295C7BC0000B1BAC /* MainTCA.swift */,
				36EA6F36295C7C01000B1BAC /* MainView.swift */,
			);
			path = MainScreen;
			sourceTree = "<group>";
		};
/* End PBXGroup section */

/* Begin PBXNativeTarget section */
		36EA6F0E295C7A2B000B1BAC /* TCA_Test */ = {
			isa = PBXNativeTarget;
			buildConfigurationList = 36EA6F1D295C7A2C000B1BAC /* Build configuration list for PBXNativeTarget "TCA_Test" */;
			buildPhases = (
				36EA6F0B295C7A2B000B1BAC /* Sources */,
				36EA6F0C295C7A2B000B1BAC /* Frameworks */,
				36EA6F0D295C7A2B000B1BAC /* Resources */,
			);
			buildRules = (
			);
			dependencies = (
			);
			name = TCA_Test;
			packageProductDependencies = (
				36EA6F21295C7A73000B1BAC /* ComposableArchitecture */,
				36EA6F23295C7A73000B1BAC /* Dependencies */,
			);
			productName = TCA_Test;
			productReference = 36EA6F0F295C7A2B000B1BAC /* TCA_Test.app */;
			productType = "com.apple.product-type.application";
		};
/* End PBXNativeTarget section */

/* Begin PBXProject section */
		36EA6F07295C7A2B000B1BAC /* Project object */ = {
			isa = PBXProject;
			attributes = {
				BuildIndependentTargetsInParallel = 1;
				LastSwiftUpdateCheck = 1420;
				LastUpgradeCheck = 1420;
				TargetAttributes = {
					36EA6F0E295C7A2B000B1BAC = {
						CreatedOnToolsVersion = 14.2;
					};
				};
			};
			buildConfigurationList = 36EA6F0A295C7A2B000B1BAC /* Build configuration list for PBXProject "TCA_Test" */;
			compatibilityVersion = "Xcode 14.0";
			developmentRegion = en;
			hasScannedForEncodings = 0;
			knownRegions = (
				en,
				Base,
			);
			mainGroup = 36EA6F06295C7A2B000B1BAC;
			packageReferences = (
				36EA6F20295C7A73000B1BAC /* XCRemoteSwiftPackageReference "swift-composable-architecture" */,
			);
			productRefGroup = 36EA6F10295C7A2B000B1BAC /* Products */;
			projectDirPath = "";
			projectRoot = "";
			targets = (
				36EA6F0E295C7A2B000B1BAC /* TCA_Test */,
			);
		};
/* End PBXProject section */

/* Begin PBXResourcesBuildPhase section */
		36EA6F0D295C7A2B000B1BAC /* Resources */ = {
			isa = PBXResourcesBuildPhase;
			buildActionMask = 2147483647;
			files = (
				36EA6F1A295C7A2C000B1BAC /* Preview Assets.xcassets in Resources */,
				36EA6F17295C7A2C000B1BAC /* Assets.xcassets in Resources */,
			);
			runOnlyForDeploymentPostprocessing = 0;
		};
/* End PBXResourcesBuildPhase section */

/* Begin PBXSourcesBuildPhase section */
		36EA6F0B295C7A2B000B1BAC /* Sources */ = {
			isa = PBXSourcesBuildPhase;
			buildActionMask = 2147483647;
			files = (
				36EA6F37295C7C01000B1BAC /* MainView.swift in Sources */,
				36EA6F2F295C7BC0000B1BAC /* MainTCA.swift in Sources */,
				36EA6F13295C7A2B000B1BAC /* TCA_TestApp.swift in Sources */,
			);
			runOnlyForDeploymentPostprocessing = 0;
		};
/* End PBXSourcesBuildPhase section */

/* Begin XCBuildConfiguration section */
		36EA6F1B295C7A2C000B1BAC /* Debug */ = {
			isa = XCBuildConfiguration;
			buildSettings = {
				ALWAYS_SEARCH_USER_PATHS = NO;
				CLANG_ANALYZER_NONNULL = YES;
				CLANG_ANALYZER_NUMBER_OBJECT_CONVERSION = YES_AGGRESSIVE;
				CLANG_CXX_LANGUAGE_STANDARD = "gnu++20";
				CLANG_ENABLE_MODULES = YES;
				CLANG_ENABLE_OBJC_ARC = YES;
				CLANG_ENABLE_OBJC_WEAK = YES;
				CLANG_WARN_BLOCK_CAPTURE_AUTORELEASING = YES;
				CLANG_WARN_BOOL_CONVERSION = YES;
				CLANG_WARN_COMMA = YES;
				CLANG_WARN_CONSTANT_CONVERSION = YES;
				CLANG_WARN_DEPRECATED_OBJC_IMPLEMENTATIONS = YES;
				CLANG_WARN_DIRECT_OBJC_ISA_USAGE = YES_ERROR;
				CLANG_WARN_DOCUMENTATION_COMMENTS = YES;
				CLANG_WARN_EMPTY_BODY = YES;
				CLANG_WARN_ENUM_CONVERSION = YES;
				CLANG_WARN_INFINITE_RECURSION = YES;
				CLANG_WARN_INT_CONVERSION = YES;
				CLANG_WARN_NON_LITERAL_NULL_CONVERSION = YES;
				CLANG_WARN_OBJC_IMPLICIT_RETAIN_SELF = YES;
				CLANG_WARN_OBJC_LITERAL_CONVERSION = YES;
				CLANG_WARN_OBJC_ROOT_CLASS = YES_ERROR;
				CLANG_WARN_QUOTED_INCLUDE_IN_FRAMEWORK_HEADER = YES;
				CLANG_WARN_RANGE_LOOP_ANALYSIS = YES;
				CLANG_WARN_STRICT_PROTOTYPES = YES;
				CLANG_WARN_SUSPICIOUS_MOVE = YES;
				CLANG_WARN_UNGUARDED_AVAILABILITY = YES_AGGRESSIVE;
				CLANG_WARN_UNREACHABLE_CODE = YES;
				CLANG_WARN__DUPLICATE_METHOD_MATCH = YES;
				COPY_PHASE_STRIP = NO;
				DEBUG_INFORMATION_FORMAT = dwarf;
				ENABLE_STRICT_OBJC_MSGSEND = YES;
				ENABLE_TESTABILITY = YES;
				GCC_C_LANGUAGE_STANDARD = gnu11;
				GCC_DYNAMIC_NO_PIC = NO;
				GCC_NO_COMMON_BLOCKS = YES;
				GCC_OPTIMIZATION_LEVEL = 0;
				GCC_PREPROCESSOR_DEFINITIONS = (
					"DEBUG=1",
					"$(inherited)",
				);
				GCC_WARN_64_TO_32_BIT_CONVERSION = YES;
				GCC_WARN_ABOUT_RETURN_TYPE = YES_ERROR;
				GCC_WARN_UNDECLARED_SELECTOR = YES;
				GCC_WARN_UNINITIALIZED_AUTOS = YES_AGGRESSIVE;
				GCC_WARN_UNUSED_FUNCTION = YES;
				GCC_WARN_UNUSED_VARIABLE = YES;
				IPHONEOS_DEPLOYMENT_TARGET = 16.2;
				MTL_ENABLE_DEBUG_INFO = INCLUDE_SOURCE;
				MTL_FAST_MATH = YES;
				ONLY_ACTIVE_ARCH = YES;
				SDKROOT = iphoneos;
				SWIFT_ACTIVE_COMPILATION_CONDITIONS = DEBUG;
				SWIFT_OPTIMIZATION_LEVEL = "-Onone";
			};
			name = Debug;
		};
		36EA6F1C295C7A2C000B1BAC /* Release */ = {
			isa = XCBuildConfiguration;
			buildSettings = {
				ALWAYS_SEARCH_USER_PATHS = NO;
				CLANG_ANALYZER_NONNULL = YES;
				CLANG_ANALYZER_NUMBER_OBJECT_CONVERSION = YES_AGGRESSIVE;
				CLANG_CXX_LANGUAGE_STANDARD = "gnu++20";
				CLANG_ENABLE_MODULES = YES;
				CLANG_ENABLE_OBJC_ARC = YES;
				CLANG_ENABLE_OBJC_WEAK = YES;
				CLANG_WARN_BLOCK_CAPTURE_AUTORELEASING = YES;
				CLANG_WARN_BOOL_CONVERSION = YES;
				CLANG_WARN_COMMA = YES;
				CLANG_WARN_CONSTANT_CONVERSION = YES;
				CLANG_WARN_DEPRECATED_OBJC_IMPLEMENTATIONS = YES;
				CLANG_WARN_DIRECT_OBJC_ISA_USAGE = YES_ERROR;
				CLANG_WARN_DOCUMENTATION_COMMENTS = YES;
				CLANG_WARN_EMPTY_BODY = YES;
				CLANG_WARN_ENUM_CONVERSION = YES;
				CLANG_WARN_INFINITE_RECURSION = YES;
				CLANG_WARN_INT_CONVERSION = YES;
				CLANG_WARN_NON_LITERAL_NULL_CONVERSION = YES;
				CLANG_WARN_OBJC_IMPLICIT_RETAIN_SELF = YES;
				CLANG_WARN_OBJC_LITERAL_CONVERSION = YES;
				CLANG_WARN_OBJC_ROOT_CLASS = YES_ERROR;
				CLANG_WARN_QUOTED_INCLUDE_IN_FRAMEWORK_HEADER = YES;
				CLANG_WARN_RANGE_LOOP_ANALYSIS = YES;
				CLANG_WARN_STRICT_PROTOTYPES = YES;
				CLANG_WARN_SUSPICIOUS_MOVE = YES;
				CLANG_WARN_UNGUARDED_AVAILABILITY = YES_AGGRESSIVE;
				CLANG_WARN_UNREACHABLE_CODE = YES;
				CLANG_WARN__DUPLICATE_METHOD_MATCH = YES;
				COPY_PHASE_STRIP = NO;
				DEBUG_INFORMATION_FORMAT = "dwarf-with-dsym";
				ENABLE_NS_ASSERTIONS = NO;
				ENABLE_STRICT_OBJC_MSGSEND = YES;
				GCC_C_LANGUAGE_STANDARD = gnu11;
				GCC_NO_COMMON_BLOCKS = YES;
				GCC_WARN_64_TO_32_BIT_CONVERSION = YES;
				GCC_WARN_ABOUT_RETURN_TYPE = YES_ERROR;
				GCC_WARN_UNDECLARED_SELECTOR = YES;
				GCC_WARN_UNINITIALIZED_AUTOS = YES_AGGRESSIVE;
				GCC_WARN_UNUSED_FUNCTION = YES;
				GCC_WARN_UNUSED_VARIABLE = YES;
				IPHONEOS_DEPLOYMENT_TARGET = 16.2;
				MTL_ENABLE_DEBUG_INFO = NO;
				MTL_FAST_MATH = YES;
				SDKROOT = iphoneos;
				SWIFT_COMPILATION_MODE = wholemodule;
				SWIFT_OPTIMIZATION_LEVEL = "-O";
				VALIDATE_PRODUCT = YES;
			};
			name = Release;
		};
		36EA6F1E295C7A2C000B1BAC /* Debug */ = {
			isa = XCBuildConfiguration;
			buildSettings = {
				ASSETCATALOG_COMPILER_APPICON_NAME = AppIcon;
				ASSETCATALOG_COMPILER_GLOBAL_ACCENT_COLOR_NAME = AccentColor;
				CODE_SIGN_STYLE = Automatic;
				CURRENT_PROJECT_VERSION = 1;
				DEVELOPMENT_ASSET_PATHS = "\"TCA_Test/Preview Content\"";
				DEVELOPMENT_TEAM = 34JY5XJPED;
				ENABLE_PREVIEWS = YES;
				GENERATE_INFOPLIST_FILE = YES;
				INFOPLIST_KEY_UIApplicationSceneManifest_Generation = YES;
				INFOPLIST_KEY_UIApplicationSupportsIndirectInputEvents = YES;
				INFOPLIST_KEY_UILaunchScreen_Generation = YES;
				INFOPLIST_KEY_UISupportedInterfaceOrientations_iPad = "UIInterfaceOrientationPortrait UIInterfaceOrientationPortraitUpsideDown UIInterfaceOrientationLandscapeLeft UIInterfaceOrientationLandscapeRight";
				INFOPLIST_KEY_UISupportedInterfaceOrientations_iPhone = "UIInterfaceOrientationPortrait UIInterfaceOrientationLandscapeLeft UIInterfaceOrientationLandscapeRight";
				LD_RUNPATH_SEARCH_PATHS = (
					"$(inherited)",
					"@executable_path/Frameworks",
				);
				MARKETING_VERSION = 1.0;
				PRODUCT_BUNDLE_IDENTIFIER = "com.tca.test.TCA-Test";
				PRODUCT_NAME = "$(TARGET_NAME)";
				SWIFT_EMIT_LOC_STRINGS = YES;
				SWIFT_VERSION = 5.0;
				TARGETED_DEVICE_FAMILY = "1,2";
			};
			name = Debug;
		};
		36EA6F1F295C7A2C000B1BAC /* Release */ = {
			isa = XCBuildConfiguration;
			buildSettings = {
				ASSETCATALOG_COMPILER_APPICON_NAME = AppIcon;
				ASSETCATALOG_COMPILER_GLOBAL_ACCENT_COLOR_NAME = AccentColor;
				CODE_SIGN_STYLE = Automatic;
				CURRENT_PROJECT_VERSION = 1;
				DEVELOPMENT_ASSET_PATHS = "\"TCA_Test/Preview Content\"";
				DEVELOPMENT_TEAM = 34JY5XJPED;
				ENABLE_PREVIEWS = YES;
				GENERATE_INFOPLIST_FILE = YES;
				INFOPLIST_KEY_UIApplicationSceneManifest_Generation = YES;
				INFOPLIST_KEY_UIApplicationSupportsIndirectInputEvents = YES;
				INFOPLIST_KEY_UILaunchScreen_Generation = YES;
				INFOPLIST_KEY_UISupportedInterfaceOrientations_iPad = "UIInterfaceOrientationPortrait UIInterfaceOrientationPortraitUpsideDown UIInterfaceOrientationLandscapeLeft UIInterfaceOrientationLandscapeRight";
				INFOPLIST_KEY_UISupportedInterfaceOrientations_iPhone = "UIInterfaceOrientationPortrait UIInterfaceOrientationLandscapeLeft UIInterfaceOrientationLandscapeRight";
				LD_RUNPATH_SEARCH_PATHS = (
					"$(inherited)",
					"@executable_path/Frameworks",
				);
				MARKETING_VERSION = 1.0;
				PRODUCT_BUNDLE_IDENTIFIER = "com.tca.test.TCA-Test";
				PRODUCT_NAME = "$(TARGET_NAME)";
				SWIFT_EMIT_LOC_STRINGS = YES;
				SWIFT_VERSION = 5.0;
				TARGETED_DEVICE_FAMILY = "1,2";
			};
			name = Release;
		};
/* End XCBuildConfiguration section */

/* Begin XCConfigurationList section */
		36EA6F0A295C7A2B000B1BAC /* Build configuration list for PBXProject "TCA_Test" */ = {
			isa = XCConfigurationList;
			buildConfigurations = (
				36EA6F1B295C7A2C000B1BAC /* Debug */,
				36EA6F1C295C7A2C000B1BAC /* Release */,
			);
			defaultConfigurationIsVisible = 0;
			defaultConfigurationName = Release;
		};
		36EA6F1D295C7A2C000B1BAC /* Build configuration list for PBXNativeTarget "TCA_Test" */ = {
			isa = XCConfigurationList;
			buildConfigurations = (
				36EA6F1E295C7A2C000B1BAC /* Debug */,
				36EA6F1F295C7A2C000B1BAC /* Release */,
			);
			defaultConfigurationIsVisible = 0;
			defaultConfigurationName = Release;
		};
/* End XCConfigurationList section */

/* Begin XCRemoteSwiftPackageReference section */
		36EA6F20295C7A73000B1BAC /* XCRemoteSwiftPackageReference "swift-composable-architecture" */ = {
			isa = XCRemoteSwiftPackageReference;
			repositoryURL = "https://github.com/pointfreeco/swift-composable-architecture.git";
			requirement = {
				kind = exactVersion;
				version = 0.47.2;
			};
		};
/* End XCRemoteSwiftPackageReference section */

/* Begin XCSwiftPackageProductDependency section */
		36EA6F21295C7A73000B1BAC /* ComposableArchitecture */ = {
			isa = XCSwiftPackageProductDependency;
			package = 36EA6F20295C7A73000B1BAC /* XCRemoteSwiftPackageReference "swift-composable-architecture" */;
			productName = ComposableArchitecture;
		};
		36EA6F23295C7A73000B1BAC /* Dependencies */ = {
			isa = XCSwiftPackageProductDependency;
			package = 36EA6F20295C7A73000B1BAC /* XCRemoteSwiftPackageReference "swift-composable-architecture" */;
			productName = Dependencies;
		};
/* End XCSwiftPackageProductDependency section */
	};
	rootObject = 36EA6F07295C7A2B000B1BAC /* Project object */;
}
